
Microsoft Visual Studio Solution File, Format Version 12.00
# Visual Studio Version 16
VisualStudioVersion = 16.0.30114.105
MinimumVisualStudioVersion = 10.0.40219.1
Project("{8BC9CEB8-8B4A-11D0-8D11-00A0C91BC942}") = "Sandbox", "Sandbox\Sandbox.vcxproj", "{EFEAD60E-E30C-4B43-A90A-C0826DB6D384}"
EndProject
Project("{8BC9CEB8-8B4A-11D0-8D11-00A0C91BC942}") = "Game-Engine", "Game-Engine\Game-Engine.vcxproj", "{D442433D-2AD1-4393-BC6D-86209372D44D}"
EndProject
Global
	GlobalSection(SolutionConfigurationPlatforms) = preSolution
		Debug|x64 = Debug|x64
		Release|x64 = Release|x64
	EndGlobalSection
	GlobalSection(ProjectConfigurationPlatforms) = postSolution
		{D442433D-2AD1-4393-BC6D-86209372D44D}.Debug|x64.ActiveCfg = Debug|x64
		{D442433D-2AD1-4393-BC6D-86209372D44D}.Debug|x64.Build.0 = Debug|x64
		{D442433D-2AD1-4393-BC6D-86209372D44D}.Release|x64.ActiveCfg = Release|x64
		{D442433D-2AD1-4393-BC6D-86209372D44D}.Release|x64.Build.0 = Release|x64
		{EFEAD60E-E30C-4B43-A90A-C0826DB6D384}.Debug|x64.ActiveCfg = Debug|x64
		{EFEAD60E-E30C-4B43-A90A-C0826DB6D384}.Debug|x64.Build.0 = Debug|x64
		{EFEAD60E-E30C-4B43-A90A-C0826DB6D384}.Release|x64.ActiveCfg = Release|x64
		{EFEAD60E-E30C-4B43-A90A-C0826DB6D384}.Release|x64.Build.0 = Release|x64
	EndGlobalSection
	GlobalSection(SolutionProperties) = preSolution
		HideSolutionNode = FALSE
	EndGlobalSection
	GlobalSection(ExtensibilityGlobals) = postSolution
		SolutionGuid = {CF5BACA0-5B20-4F94-9026-75F00723BD4C}
	EndGlobalSection
EndGlobal
